// !$*UTF8*$!
{
	archiveVersion = 1;
	classes = {
	};
	objectVersion = 77;
	objects = {

/* Begin PBXBuildFile section */
		1D05386095241293CA4DE03A /* BreadcrumbTests.swift in Sources */ = {isa = PBXBuildFile; fileRef = 0FE203A2FC256662ACD1B3C9 /* BreadcrumbTests.swift */; };
		50B42669968E80BF62C3DEB4 /* StatusEntry.swift in Sources */ = {isa = PBXBuildFile; fileRef = AF0C4FAC9B8A87BEA26FBC8B /* StatusEntry.swift */; };
		5DF5DEF623DC6B10A0DB7163 /* BreadcrumbApp.swift in Sources */ = {isa = PBXBuildFile; fileRef = 5CF076CD3A0FE1874732FFD3 /* BreadcrumbApp.swift */; };
		750DDDBE8BEBB05A74A6681F /* StatusEntryForm.swift in Sources */ = {isa = PBXBuildFile; fileRef = A9BFECE00BAB70889C1C40B4 /* StatusEntryForm.swift */; };
		9BFD8EC86A0C17852AD2B57A /* ContentView.swift in Sources */ = {isa = PBXBuildFile; fileRef = 5FA0A334AD3755400D2E4FB6 /* ContentView.swift */; };
		CA24E531052945BC800D6D9C /* ProjectFormView.swift in Sources */ = {isa = PBXBuildFile; fileRef = D9DBEBA30993B89A48537DA5 /* ProjectFormView.swift */; };
		CF4074B7669439CA1E033539 /* Project.swift in Sources */ = {isa = PBXBuildFile; fileRef = 1245F6E8248E227CA507BF8E /* Project.swift */; };
		D3D2E68C0A5910AFFDAFDF12 /* ProjectDetailView.swift in Sources */ = {isa = PBXBuildFile; fileRef = 6AB137DC9044186B8877D8CD /* ProjectDetailView.swift */; };
		D9DA16D240E3D429351FAB57 /* ProjectRowView.swift in Sources */ = {isa = PBXBuildFile; fileRef = 47DF5F532D7705CA6E56446A /* ProjectRowView.swift */; };
		F3CA383D086855E95F01B254 /* ProjectListView.swift in Sources */ = {isa = PBXBuildFile; fileRef = 47078C1986E00D73E6A06727 /* ProjectListView.swift */; };
		FA03D196F0BF672CC3D62165 /* HistoryView.swift in Sources */ = {isa = PBXBuildFile; fileRef = B8C5CE9442C811F8DCF196BD /* HistoryView.swift */; };
/* End PBXBuildFile section */

/* Begin PBXContainerItemProxy section */
		F448DFF55A0266407BD4F46C /* PBXContainerItemProxy */ = {
			isa = PBXContainerItemProxy;
			containerPortal = F49D6C73CF7DEED8C83A8E13 /* Project object */;
			proxyType = 1;
			remoteGlobalIDString = 101D6C73AD82EAB6155913E3;
			remoteInfo = Breadcrumb;
		};
/* End PBXContainerItemProxy section */

/* Begin PBXFileReference section */
		0FE203A2FC256662ACD1B3C9 /* BreadcrumbTests.swift */ = {isa = PBXFileReference; lastKnownFileType = sourcecode.swift; path = BreadcrumbTests.swift; sourceTree = "<group>"; };
		1245F6E8248E227CA507BF8E /* Project.swift */ = {isa = PBXFileReference; lastKnownFileType = sourcecode.swift; path = Project.swift; sourceTree = "<group>"; };
		270530DCEC9B4626EE2AABF0 /* Info.plist */ = {isa = PBXFileReference; lastKnownFileType = text.plist; path = Info.plist; sourceTree = "<group>"; };
		333198756E01368320CCC0C9 /* BreadcrumbTests.xctest */ = {isa = PBXFileReference; explicitFileType = wrapper.cfbundle; includeInIndex = 0; path = BreadcrumbTests.xctest; sourceTree = BUILT_PRODUCTS_DIR; };
		47078C1986E00D73E6A06727 /* ProjectListView.swift */ = {isa = PBXFileReference; lastKnownFileType = sourcecode.swift; path = ProjectListView.swift; sourceTree = "<group>"; };
		47DF5F532D7705CA6E56446A /* ProjectRowView.swift */ = {isa = PBXFileReference; lastKnownFileType = sourcecode.swift; path = ProjectRowView.swift; sourceTree = "<group>"; };
		5CF076CD3A0FE1874732FFD3 /* BreadcrumbApp.swift */ = {isa = PBXFileReference; lastKnownFileType = sourcecode.swift; path = BreadcrumbApp.swift; sourceTree = "<group>"; };
		5FA0A334AD3755400D2E4FB6 /* ContentView.swift */ = {isa = PBXFileReference; lastKnownFileType = sourcecode.swift; path = ContentView.swift; sourceTree = "<group>"; };
		6AB137DC9044186B8877D8CD /* ProjectDetailView.swift */ = {isa = PBXFileReference; lastKnownFileType = sourcecode.swift; path = ProjectDetailView.swift; sourceTree = "<group>"; };
		A087345042FE6C30EF157282 /* Breadcrumb.app */ = {isa = PBXFileReference; explicitFileType = wrapper.application; includeInIndex = 0; path = Breadcrumb.app; sourceTree = BUILT_PRODUCTS_DIR; };
		A9BFECE00BAB70889C1C40B4 /* StatusEntryForm.swift */ = {isa = PBXFileReference; lastKnownFileType = sourcecode.swift; path = StatusEntryForm.swift; sourceTree = "<group>"; };
		AF0C4FAC9B8A87BEA26FBC8B /* StatusEntry.swift */ = {isa = PBXFileReference; lastKnownFileType = sourcecode.swift; path = StatusEntry.swift; sourceTree = "<group>"; };
		B8C5CE9442C811F8DCF196BD /* HistoryView.swift */ = {isa = PBXFileReference; lastKnownFileType = sourcecode.swift; path = HistoryView.swift; sourceTree = "<group>"; };
		D9DBEBA30993B89A48537DA5 /* ProjectFormView.swift */ = {isa = PBXFileReference; lastKnownFileType = sourcecode.swift; path = ProjectFormView.swift; sourceTree = "<group>"; };
/* End PBXFileReference section */

/* Begin PBXGroup section */
		1B859FA9C922001C26C1EEDE /* Views */ = {
			isa = PBXGroup;
			children = (
				5FA0A334AD3755400D2E4FB6 /* ContentView.swift */,
				B8C5CE9442C811F8DCF196BD /* HistoryView.swift */,
				6AB137DC9044186B8877D8CD /* ProjectDetailView.swift */,
				D9DBEBA30993B89A48537DA5 /* ProjectFormView.swift */,
				47078C1986E00D73E6A06727 /* ProjectListView.swift */,
				47DF5F532D7705CA6E56446A /* ProjectRowView.swift */,
				A9BFECE00BAB70889C1C40B4 /* StatusEntryForm.swift */,
			);
			path = Views;
			sourceTree = "<group>";
		};
		273165966C8E2457A3F3421F /* BreadcrumbTests */ = {
			isa = PBXGroup;
			children = (
				0FE203A2FC256662ACD1B3C9 /* BreadcrumbTests.swift */,
			);
			path = BreadcrumbTests;
			sourceTree = "<group>";
		};
		636A173B65DFA30B351D7CAE /* Products */ = {
			isa = PBXGroup;
			children = (
				A087345042FE6C30EF157282 /* Breadcrumb.app */,
				333198756E01368320CCC0C9 /* BreadcrumbTests.xctest */,
			);
			name = Products;
			sourceTree = "<group>";
		};
		C4720DE38AE085F1D9409AC1 = {
			isa = PBXGroup;
			children = (
				EF060939B36BA2DB3314E9E3 /* Breadcrumb */,
				273165966C8E2457A3F3421F /* BreadcrumbTests */,
				636A173B65DFA30B351D7CAE /* Products */,
			);
			sourceTree = "<group>";
		};
		EF060939B36BA2DB3314E9E3 /* Breadcrumb */ = {
			isa = PBXGroup;
			children = (
				5CF076CD3A0FE1874732FFD3 /* BreadcrumbApp.swift */,
				270530DCEC9B4626EE2AABF0 /* Info.plist */,
				F3EE0C38617C660C76A24166 /* Models */,
				1B859FA9C922001C26C1EEDE /* Views */,
			);
			path = Breadcrumb;
			sourceTree = "<group>";
		};
		F3EE0C38617C660C76A24166 /* Models */ = {
			isa = PBXGroup;
			children = (
				1245F6E8248E227CA507BF8E /* Project.swift */,
				AF0C4FAC9B8A87BEA26FBC8B /* StatusEntry.swift */,
			);
			path = Models;
			sourceTree = "<group>";
		};
/* End PBXGroup section */

/* Begin PBXNativeTarget section */
		101D6C73AD82EAB6155913E3 /* Breadcrumb */ = {
			isa = PBXNativeTarget;
			buildConfigurationList = 148E0664751DE0B66EB5390D /* Build configuration list for PBXNativeTarget "Breadcrumb" */;
			buildPhases = (
				E1A5862C208C6D9269ADBFA0 /* Sources */,
			);
			buildRules = (
			);
			dependencies = (
			);
			name = Breadcrumb;
			packageProductDependencies = (
			);
			productName = Breadcrumb;
			productReference = A087345042FE6C30EF157282 /* Breadcrumb.app */;
			productType = "com.apple.product-type.application";
		};
		7FC93F244E1D6C53F8617049 /* BreadcrumbTests */ = {
			isa = PBXNativeTarget;
			buildConfigurationList = 54B3F566AB117577B2DC3A36 /* Build configuration list for PBXNativeTarget "BreadcrumbTests" */;
			buildPhases = (
				FEB0B837D975C66191D0EFDD /* Sources */,
			);
			buildRules = (
			);
			dependencies = (
				45A5CE329E824DCCA856E0E3 /* PBXTargetDependency */,
			);
			name = BreadcrumbTests;
			packageProductDependencies = (
			);
			productName = BreadcrumbTests;
			productReference = 333198756E01368320CCC0C9 /* BreadcrumbTests.xctest */;
			productType = "com.apple.product-type.bundle.unit-test";
		};
/* End PBXNativeTarget section */

/* Begin PBXProject section */
		F49D6C73CF7DEED8C83A8E13 /* Project object */ = {
			isa = PBXProject;
			attributes = {
				BuildIndependentTargetsInParallel = YES;
				LastUpgradeCheck = 1600;
				TargetAttributes = {
				};
			};
			buildConfigurationList = 9A74E577058EC37BA2904975 /* Build configuration list for PBXProject "Breadcrumb" */;
			developmentRegion = en;
			hasScannedForEncodings = 0;
			knownRegions = (
				Base,
				en,
			);
			mainGroup = C4720DE38AE085F1D9409AC1;
			minimizedProjectReferenceProxies = 1;
			preferredProjectObjectVersion = 77;
			productRefGroup = 636A173B65DFA30B351D7CAE /* Products */;
			projectDirPath = "";
			projectRoot = "";
			targets = (
				101D6C73AD82EAB6155913E3 /* Breadcrumb */,
				7FC93F244E1D6C53F8617049 /* BreadcrumbTests */,
			);
		};
/* End PBXProject section */

/* Begin PBXSourcesBuildPhase section */
		E1A5862C208C6D9269ADBFA0 /* Sources */ = {
			isa = PBXSourcesBuildPhase;
			buildActionMask = 2147483647;
			files = (
				5DF5DEF623DC6B10A0DB7163 /* BreadcrumbApp.swift in Sources */,
				9BFD8EC86A0C17852AD2B57A /* ContentView.swift in Sources */,
				FA03D196F0BF672CC3D62165 /* HistoryView.swift in Sources */,
				CF4074B7669439CA1E033539 /* Project.swift in Sources */,
				D3D2E68C0A5910AFFDAFDF12 /* ProjectDetailView.swift in Sources */,
				CA24E531052945BC800D6D9C /* ProjectFormView.swift in Sources */,
				F3CA383D086855E95F01B254 /* ProjectListView.swift in Sources */,
				D9DA16D240E3D429351FAB57 /* ProjectRowView.swift in Sources */,
				50B42669968E80BF62C3DEB4 /* StatusEntry.swift in Sources */,
				750DDDBE8BEBB05A74A6681F /* StatusEntryForm.swift in Sources */,
			);
			runOnlyForDeploymentPostprocessing = 0;
		};
		FEB0B837D975C66191D0EFDD /* Sources */ = {
			isa = PBXSourcesBuildPhase;
			buildActionMask = 2147483647;
			files = (
				1D05386095241293CA4DE03A /* BreadcrumbTests.swift in Sources */,
			);
			runOnlyForDeploymentPostprocessing = 0;
		};
/* End PBXSourcesBuildPhase section */

/* Begin PBXTargetDependency section */
		45A5CE329E824DCCA856E0E3 /* PBXTargetDependency */ = {
			isa = PBXTargetDependency;
			target = 101D6C73AD82EAB6155913E3 /* Breadcrumb */;
			targetProxy = F448DFF55A0266407BD4F46C /* PBXContainerItemProxy */;
		};
/* End PBXTargetDependency section */

/* Begin XCBuildConfiguration section */
		67F1CF6BA973BDAE9D467B9B /* Release */ = {
			isa = XCBuildConfiguration;
			buildSettings = {
				ALWAYS_SEARCH_USER_PATHS = NO;
				CLANG_ANALYZER_NONNULL = YES;
				CLANG_ANALYZER_NUMBER_OBJECT_CONVERSION = YES_AGGRESSIVE;
				CLANG_CXX_LANGUAGE_STANDARD = "gnu++14";
				CLANG_CXX_LIBRARY = "libc++";
				CLANG_ENABLE_MODULES = YES;
				CLANG_ENABLE_OBJC_ARC = YES;
				CLANG_ENABLE_OBJC_WEAK = YES;
				CLANG_WARN_BLOCK_CAPTURE_AUTORELEASING = YES;
				CLANG_WARN_BOOL_CONVERSION = YES;
				CLANG_WARN_COMMA = YES;
				CLANG_WARN_CONSTANT_CONVERSION = YES;
				CLANG_WARN_DEPRECATED_OBJC_IMPLEMENTATIONS = YES;
				CLANG_WARN_DIRECT_OBJC_ISA_USAGE = YES_ERROR;
				CLANG_WARN_DOCUMENTATION_COMMENTS = YES;
				CLANG_WARN_EMPTY_BODY = YES;
				CLANG_WARN_ENUM_CONVERSION = YES;
				CLANG_WARN_INFINITE_RECURSION = YES;
				CLANG_WARN_INT_CONVERSION = YES;
				CLANG_WARN_NON_LITERAL_NULL_CONVERSION = YES;
				CLANG_WARN_OBJC_IMPLICIT_RETAIN_SELF = YES;
				CLANG_WARN_OBJC_LITERAL_CONVERSION = YES;
				CLANG_WARN_OBJC_ROOT_CLASS = YES_ERROR;
				CLANG_WARN_QUOTED_INCLUDE_IN_FRAMEWORK_HEADER = YES;
				CLANG_WARN_RANGE_LOOP_ANALYSIS = YES;
				CLANG_WARN_STRICT_PROTOTYPES = YES;
				CLANG_WARN_SUSPICIOUS_MOVE = YES;
				CLANG_WARN_UNGUARDED_AVAILABILITY = YES_AGGRESSIVE;
				CLANG_WARN_UNREACHABLE_CODE = YES;
				CLANG_WARN__DUPLICATE_METHOD_MATCH = YES;
				COPY_PHASE_STRIP = NO;
				DEBUG_INFORMATION_FORMAT = "dwarf-with-dsym";
				ENABLE_NS_ASSERTIONS = NO;
				ENABLE_STRICT_OBJC_MSGSEND = YES;
				GCC_C_LANGUAGE_STANDARD = gnu11;
				GCC_NO_COMMON_BLOCKS = YES;
				GCC_WARN_64_TO_32_BIT_CONVERSION = YES;
				GCC_WARN_ABOUT_RETURN_TYPE = YES_ERROR;
				GCC_WARN_UNDECLARED_SELECTOR = YES;
				GCC_WARN_UNINITIALIZED_AUTOS = YES_AGGRESSIVE;
				GCC_WARN_UNUSED_FUNCTION = YES;
				GCC_WARN_UNUSED_VARIABLE = YES;
				MACOSX_DEPLOYMENT_TARGET = 14.0;
				MTL_ENABLE_DEBUG_INFO = NO;
				MTL_FAST_MATH = YES;
				PRODUCT_NAME = "$(TARGET_NAME)";
				SDKROOT = macosx;
				SWIFT_COMPILATION_MODE = wholemodule;
				SWIFT_OPTIMIZATION_LEVEL = "-O";
				SWIFT_VERSION = 6.0;
			};
			name = Release;
		};
		9EEE0582E1164AE1586925C1 /* Release */ = {
			isa = XCBuildConfiguration;
			buildSettings = {
				ASSETCATALOG_COMPILER_APPICON_NAME = AppIcon;
				COMBINE_HIDPI_IMAGES = YES;
				CURRENT_PROJECT_VERSION = 1;
				INFOPLIST_FILE = Breadcrumb/Info.plist;
				LD_RUNPATH_SEARCH_PATHS = (
					"$(inherited)",
					"@executable_path/../Frameworks",
				);
				MARKETING_VERSION = 1.0.0;
				PRODUCT_BUNDLE_IDENTIFIER = com.roger.breadcrumb;
				SDKROOT = macosx;
			};
			name = Release;
		};
		E1FADAE8839171957F74B4D3 /* Debug */ = {
			isa = XCBuildConfiguration;
			buildSettings = {
				BUNDLE_LOADER = "$(TEST_HOST)";
				COMBINE_HIDPI_IMAGES = YES;
				GENERATE_INFOPLIST_FILE = YES;
				LD_RUNPATH_SEARCH_PATHS = (
					"$(inherited)",
					"@executable_path/../Frameworks",
					"@loader_path/../Frameworks",
				);
				PRODUCT_BUNDLE_IDENTIFIER = "com.roger.breadcrumb-tests";
				SDKROOT = macosx;
				TEST_HOST = "$(BUILT_PRODUCTS_DIR)/Breadcrumb.app/Contents/MacOS/Breadcrumb";
			};
			name = Debug;
		};
		F78F1ADD1404C18C9C5941C3 /* Debug */ = {
			isa = XCBuildConfiguration;
			buildSettings = {
				ASSETCATALOG_COMPILER_APPICON_NAME = AppIcon;
				COMBINE_HIDPI_IMAGES = YES;
				CURRENT_PROJECT_VERSION = 1;
				INFOPLIST_FILE = Breadcrumb/Info.plist;
				LD_RUNPATH_SEARCH_PATHS = (
					"$(inherited)",
					"@executable_path/../Frameworks",
				);
				MARKETING_VERSION = 1.0.0;
				PRODUCT_BUNDLE_IDENTIFIER = com.roger.breadcrumb;
				SDKROOT = macosx;
			};
			name = Debug;
		};
		F84687191AD5C2D1CA98E43C /* Release */ = {
			isa = XCBuildConfiguration;
			buildSettings = {
				BUNDLE_LOADER = "$(TEST_HOST)";
				COMBINE_HIDPI_IMAGES = YES;
				GENERATE_INFOPLIST_FILE = YES;
				LD_RUNPATH_SEARCH_PATHS = (
					"$(inherited)",
					"@executable_path/../Frameworks",
					"@loader_path/../Frameworks",
				);
				PRODUCT_BUNDLE_IDENTIFIER = "com.roger.breadcrumb-tests";
				SDKROOT = macosx;
				TEST_HOST = "$(BUILT_PRODUCTS_DIR)/Breadcrumb.app/Contents/MacOS/Breadcrumb";
			};
			name = Release;
		};
		FFE2C05DA877D07B58A7110D /* Debug */ = {
			isa = XCBuildConfiguration;
			buildSettings = {
				ALWAYS_SEARCH_USER_PATHS = NO;
				CLANG_ANALYZER_NONNULL = YES;
				CLANG_ANALYZER_NUMBER_OBJECT_CONVERSION = YES_AGGRESSIVE;
				CLANG_CXX_LANGUAGE_STANDARD = "gnu++14";
				CLANG_CXX_LIBRARY = "libc++";
				CLANG_ENABLE_MODULES = YES;
				CLANG_ENABLE_OBJC_ARC = YES;
				CLANG_ENABLE_OBJC_WEAK = YES;
				CLANG_WARN_BLOCK_CAPTURE_AUTORELEASING = YES;
				CLANG_WARN_BOOL_CONVERSION = YES;
				CLANG_WARN_COMMA = YES;
				CLANG_WARN_CONSTANT_CONVERSION = YES;
				CLANG_WARN_DEPRECATED_OBJC_IMPLEMENTATIONS = YES;
				CLANG_WARN_DIRECT_OBJC_ISA_USAGE = YES_ERROR;
				CLANG_WARN_DOCUMENTATION_COMMENTS = YES;
				CLANG_WARN_EMPTY_BODY = YES;
				CLANG_WARN_ENUM_CONVERSION = YES;
				CLANG_WARN_INFINITE_RECURSION = YES;
				CLANG_WARN_INT_CONVERSION = YES;
				CLANG_WARN_NON_LITERAL_NULL_CONVERSION = YES;
				CLANG_WARN_OBJC_IMPLICIT_RETAIN_SELF = YES;
				CLANG_WARN_OBJC_LITERAL_CONVERSION = YES;
				CLANG_WARN_OBJC_ROOT_CLASS = YES_ERROR;
				CLANG_WARN_QUOTED_INCLUDE_IN_FRAMEWORK_HEADER = YES;
				CLANG_WARN_RANGE_LOOP_ANALYSIS = YES;
				CLANG_WARN_STRICT_PROTOTYPES = YES;
				CLANG_WARN_SUSPICIOUS_MOVE = YES;
				CLANG_WARN_UNGUARDED_AVAILABILITY = YES_AGGRESSIVE;
				CLANG_WARN_UNREACHABLE_CODE = YES;
				CLANG_WARN__DUPLICATE_METHOD_MATCH = YES;
				COPY_PHASE_STRIP = NO;
				DEBUG_INFORMATION_FORMAT = dwarf;
				ENABLE_STRICT_OBJC_MSGSEND = YES;
				ENABLE_TESTABILITY = YES;
				GCC_C_LANGUAGE_STANDARD = gnu11;
				GCC_DYNAMIC_NO_PIC = NO;
				GCC_NO_COMMON_BLOCKS = YES;
				GCC_OPTIMIZATION_LEVEL = 0;
				GCC_PREPROCESSOR_DEFINITIONS = (
					"$(inherited)",
					"DEBUG=1",
				);
				GCC_WARN_64_TO_32_BIT_CONVERSION = YES;
				GCC_WARN_ABOUT_RETURN_TYPE = YES_ERROR;
				GCC_WARN_UNDECLARED_SELECTOR = YES;
				GCC_WARN_UNINITIALIZED_AUTOS = YES_AGGRESSIVE;
				GCC_WARN_UNUSED_FUNCTION = YES;
				GCC_WARN_UNUSED_VARIABLE = YES;
				MACOSX_DEPLOYMENT_TARGET = 14.0;
				MTL_ENABLE_DEBUG_INFO = INCLUDE_SOURCE;
				MTL_FAST_MATH = YES;
				ONLY_ACTIVE_ARCH = YES;
				PRODUCT_NAME = "$(TARGET_NAME)";
				SDKROOT = macosx;
				SWIFT_ACTIVE_COMPILATION_CONDITIONS = DEBUG;
				SWIFT_OPTIMIZATION_LEVEL = "-Onone";
				SWIFT_VERSION = 6.0;
			};
			name = Debug;
		};
/* End XCBuildConfiguration section */

/* Begin XCConfigurationList section */
		148E0664751DE0B66EB5390D /* Build configuration list for PBXNativeTarget "Breadcrumb" */ = {
			isa = XCConfigurationList;
			buildConfigurations = (
				F78F1ADD1404C18C9C5941C3 /* Debug */,
				9EEE0582E1164AE1586925C1 /* Release */,
			);
			defaultConfigurationIsVisible = 0;
			defaultConfigurationName = Debug;
		};
		54B3F566AB117577B2DC3A36 /* Build configuration list for PBXNativeTarget "BreadcrumbTests" */ = {
			isa = XCConfigurationList;
			buildConfigurations = (
				E1FADAE8839171957F74B4D3 /* Debug */,
				F84687191AD5C2D1CA98E43C /* Release */,
			);
			defaultConfigurationIsVisible = 0;
			defaultConfigurationName = Debug;
		};
		9A74E577058EC37BA2904975 /* Build configuration list for PBXProject "Breadcrumb" */ = {
			isa = XCConfigurationList;
			buildConfigurations = (
				FFE2C05DA877D07B58A7110D /* Debug */,
				67F1CF6BA973BDAE9D467B9B /* Release */,
			);
			defaultConfigurationIsVisible = 0;
			defaultConfigurationName = Debug;
		};
/* End XCConfigurationList section */
	};
	rootObject = F49D6C73CF7DEED8C83A8E13 /* Project object */;
}
