// !$*UTF8*$!
{
	archiveVersion = 1;
	classes = {
	};
	objectVersion = 77;
	objects = {

/* Begin PBXBuildFile section */
		043A15563757C2E509CB275D /* ModelContext+SaveWithLogging.swift in Sources */ = {isa = PBXBuildFile; fileRef = 3909410FC96455280C214468 /* ModelContext+SaveWithLogging.swift */; };
		06867BFA63F30B28FE717A71 /* OpenRouterProviderTests.swift in Sources */ = {isa = PBXBuildFile; fileRef = ED6AD4F67CC3533482F65A1B /* OpenRouterProviderTests.swift */; };
		0705F5EE8EF9C08EE07DDD18 /* OpenRouterProvider.swift in Sources */ = {isa = PBXBuildFile; fileRef = D7EAC22A4CD3C8382F04F397 /* OpenRouterProvider.swift */; };
		0F8F9143B46A16257511C6B5 /* ProjectPickerView.swift in Sources */ = {isa = PBXBuildFile; fileRef = 9E21EBC79DC6B3D44E36AD65 /* ProjectPickerView.swift */; };
		11DA5E14F4E1F0B2D81BBB89 /* StatsContentView.swift in Sources */ = {isa = PBXBuildFile; fileRef = D73B1C28DFFA54E78F9CA4D7 /* StatsContentView.swift */; };
		1752A4FCC3DF18156F106B45 /* BulletableField.swift in Sources */ = {isa = PBXBuildFile; fileRef = D457B91B9E7BF5F21E066059 /* BulletableField.swift */; };
		1D05386095241293CA4DE03A /* BreadcrumbTests.swift in Sources */ = {isa = PBXBuildFile; fileRef = 0FE203A2FC256662ACD1B3C9 /* BreadcrumbTests.swift */; };
		1D53C6857A69A72D3AECC555 /* LocalAIProvider.swift in Sources */ = {isa = PBXBuildFile; fileRef = 54423F165AE132713BA19F8B /* LocalAIProvider.swift */; };
		2687E27759A34607BF54B7B2 /* AIProviderTests.swift in Sources */ = {isa = PBXBuildFile; fileRef = 913C1D4F480359F1604A530C /* AIProviderTests.swift */; };
		26BE57BD5EF31441DDE3F3E9 /* WelcomeView.swift in Sources */ = {isa = PBXBuildFile; fileRef = FBC8EB9F931D9DE70D2806CE /* WelcomeView.swift */; };
		3063417A9901446E2F9C06CA /* BulletTextTests.swift in Sources */ = {isa = PBXBuildFile; fileRef = CC0E444CDB40131D5BC3F8F0 /* BulletTextTests.swift */; };
		332BF2812B86C21141AF9D88 /* AppLanguage.swift in Sources */ = {isa = PBXBuildFile; fileRef = 70969E1971A3847B517389ED /* AppLanguage.swift */; };
		370A4A9D4C47387CB9F2FB1A /* AIFillerStripperTests.swift in Sources */ = {isa = PBXBuildFile; fileRef = 22EB604EBEE6E40B6A21FFD2 /* AIFillerStripperTests.swift */; };
		3B8E91E329DF6960817BF4E7 /* PomodoroConfigView.swift in Sources */ = {isa = PBXBuildFile; fileRef = C3F1C79AA5792B6763AB7DF4 /* PomodoroConfigView.swift */; };
		3FC429C8BCD0C4E519FD958A /* AIProvider.swift in Sources */ = {isa = PBXBuildFile; fileRef = A55DF7A5ABF092B51EB54D8E /* AIProvider.swift */; };
		3FCED5650F54A93C7D58D4F4 /* AboutView.swift in Sources */ = {isa = PBXBuildFile; fileRef = 3B5EF89CD286DC72F7290682 /* AboutView.swift */; };
		403EFFDCD1BFA9E3FB455EE7 /* PomodoroSession.swift in Sources */ = {isa = PBXBuildFile; fileRef = 4996D796E28BEF485ED0F8D0 /* PomodoroSession.swift */; };
		48B1A3D081CBCE1995DC5AEE /* BulletText.swift in Sources */ = {isa = PBXBuildFile; fileRef = 22C4476611D7A9F41AA244EA /* BulletText.swift */; };
		497D467A820A0F052FBA9DE7 /* LinkedDocument.swift in Sources */ = {isa = PBXBuildFile; fileRef = A127F7644F13CEEF6190F80B /* LinkedDocument.swift */; };
		4B7239E38F057E021A7D6948 /* HistoryEntryRow.swift in Sources */ = {isa = PBXBuildFile; fileRef = 9C88E592971DB2AB4E478DA7 /* HistoryEntryRow.swift */; };
		50B42669968E80BF62C3DEB4 /* StatusEntry.swift in Sources */ = {isa = PBXBuildFile; fileRef = AF0C4FAC9B8A87BEA26FBC8B /* StatusEntry.swift */; };
		5DF5DEF623DC6B10A0DB7163 /* BreadcrumbApp.swift in Sources */ = {isa = PBXBuildFile; fileRef = 5CF076CD3A0FE1874732FFD3 /* BreadcrumbApp.swift */; };
		5EBB63AA57EA3CE9486915B7 /* AIService.swift in Sources */ = {isa = PBXBuildFile; fileRef = 4C6CE12769F9856FAC17C75D /* AIService.swift */; };
		674F307AC2D1DD30DDBA74DE /* LanguageManager.swift in Sources */ = {isa = PBXBuildFile; fileRef = 94F7E31FC30CBABB8C95F10A /* LanguageManager.swift */; };
		67C037357112A0C1D1E8A599 /* AIExtractButton.swift in Sources */ = {isa = PBXBuildFile; fileRef = A7CB153CC772B449C4EFD304 /* AIExtractButton.swift */; };
		6864E481C9B390FF7CFB8D7C /* PomodoroRunningView.swift in Sources */ = {isa = PBXBuildFile; fileRef = AF7604A00FB4C888AA719B6C /* PomodoroRunningView.swift */; };
		72339BF4A0E3ACDC31DC98A0 /* FooterView.swift in Sources */ = {isa = PBXBuildFile; fileRef = F506B326CA6737B42BEF9F99 /* FooterView.swift */; };
		750DDDBE8BEBB05A74A6681F /* StatusEntryForm.swift in Sources */ = {isa = PBXBuildFile; fileRef = A9BFECE00BAB70889C1C40B4 /* StatusEntryForm.swift */; };
		7952B45A0B64DDDFA48149C3 /* EditLabelFormView.swift in Sources */ = {isa = PBXBuildFile; fileRef = F6B294E9E641FE8862731EEA /* EditLabelFormView.swift */; };
		798EB533E3B9781D9CFF360F /* SpeechRecognizer.swift in Sources */ = {isa = PBXBuildFile; fileRef = EE04F7FFEC823E6DA5439900 /* SpeechRecognizer.swift */; };
		7A9DF4EB4DEA7C643635E72F /* AppDelegate.swift in Sources */ = {isa = PBXBuildFile; fileRef = 2DE07044651329554A55EEDB /* AppDelegate.swift */; };
		7D34D0135D8B9F99FDCC585F /* KeychainHelper.swift in Sources */ = {isa = PBXBuildFile; fileRef = 6E85B0B7BA2187935D5BE75D /* KeychainHelper.swift */; };
		7FFA294677B1B83E4EE65977 /* NotificationServiceTests.swift in Sources */ = {isa = PBXBuildFile; fileRef = 831984343AE49E818C7511B7 /* NotificationServiceTests.swift */; };
		8BC4923EE801C29764E7E500 /* ExtractedStatus.swift in Sources */ = {isa = PBXBuildFile; fileRef = C4538B21914489F24883231D /* ExtractedStatus.swift */; };
		8C122A7AB70310BCF81D2061 /* PomodoroSessionEndView.swift in Sources */ = {isa = PBXBuildFile; fileRef = 4F5D21B8446DBC5F11312384 /* PomodoroSessionEndView.swift */; };
		8E074923FEA5436E3AD06EB3 /* SoundPicker.swift in Sources */ = {isa = PBXBuildFile; fileRef = 75DE9B3987F1DA2381072E8E /* SoundPicker.swift */; };
		90CE6923808FD08E80D66C07 /* SpeechRecognizerTests.swift in Sources */ = {isa = PBXBuildFile; fileRef = FDAA39C819F06A5E9B6A6918 /* SpeechRecognizerTests.swift */; };
		92290445CED96E2CD75FFD92 /* DictationButton.swift in Sources */ = {isa = PBXBuildFile; fileRef = 1E0A1502531E88A18FD246F5 /* DictationButton.swift */; };
		9B619503406331710EB35740 /* Assets.xcassets in Resources */ = {isa = PBXBuildFile; fileRef = 777246810162C2507E304C44 /* Assets.xcassets */; };
		9BFD8EC86A0C17852AD2B57A /* ContentView.swift in Sources */ = {isa = PBXBuildFile; fileRef = 5FA0A334AD3755400D2E4FB6 /* ContentView.swift */; };
		A2C0BB75C7ED0551645F313F /* StringsTests.swift in Sources */ = {isa = PBXBuildFile; fileRef = 5B61E0FC8ED8FA3607CA8E73 /* StringsTests.swift */; };
		A4DB57D56F6945FE42C210FF /* BreadcrumbCommands.swift in Sources */ = {isa = PBXBuildFile; fileRef = BDF418F050E4F08EE71C99E8 /* BreadcrumbCommands.swift */; };
		A6FFEDB76C2BCB80A916020A /* BreakoutWindowView.swift in Sources */ = {isa = PBXBuildFile; fileRef = 7E9AB4FB8217059480EEA8FA /* BreakoutWindowView.swift */; };
		B005E744F06D3ED2FA9DB897 /* WindowManager.swift in Sources */ = {isa = PBXBuildFile; fileRef = B73A74DE75279264943C5462 /* WindowManager.swift */; };
		B57B25265EE67B1DEF64A0CC /* DocumentListView.swift in Sources */ = {isa = PBXBuildFile; fileRef = D9BEAAE0D129FC67EB414904 /* DocumentListView.swift */; };
		B949DE8B498359E91079E6D7 /* SettingsView.swift in Sources */ = {isa = PBXBuildFile; fileRef = E97F9AD204BAC7BB0A7E5D92 /* SettingsView.swift */; };
		BD2C646162A7B7A7AF1E68BB /* Strings.swift in Sources */ = {isa = PBXBuildFile; fileRef = E13AD7C73B76D6EAB8CF5D8E /* Strings.swift */; };
		BE6EE87AEF54FED09C1AB647 /* NotificationService.swift in Sources */ = {isa = PBXBuildFile; fileRef = D3C2BE7C0D1A3D1DC5DD8E35 /* NotificationService.swift */; };
		C0556C526B6E95E3EAC49CFE /* PomodoroTimer.swift in Sources */ = {isa = PBXBuildFile; fileRef = E0A23CE8D0C3663CAF21F178 /* PomodoroTimer.swift */; };
		C1DD81AE19623D581BBA2884 /* SessionDurationTests.swift in Sources */ = {isa = PBXBuildFile; fileRef = F49D61D1877C7BF5C4F92E66 /* SessionDurationTests.swift */; };
		CA24E531052945BC800D6D9C /* ProjectFormView.swift in Sources */ = {isa = PBXBuildFile; fileRef = D9DBEBA30993B89A48537DA5 /* ProjectFormView.swift */; };
		CF4074B7669439CA1E033539 /* Project.swift in Sources */ = {isa = PBXBuildFile; fileRef = 1245F6E8248E227CA507BF8E /* Project.swift */; };
		D0588FAB966D5A3C4D11176B /* KeychainHelperTests.swift in Sources */ = {isa = PBXBuildFile; fileRef = 2E6EEACEFC2209FA8283A175 /* KeychainHelperTests.swift */; };
		D3A267CF1E0176A1D0BA37B5 /* AddURLFormView.swift in Sources */ = {isa = PBXBuildFile; fileRef = 9492B635806349A2C9556E20 /* AddURLFormView.swift */; };
		D3D2E68C0A5910AFFDAFDF12 /* ProjectDetailView.swift in Sources */ = {isa = PBXBuildFile; fileRef = 6AB137DC9044186B8877D8CD /* ProjectDetailView.swift */; };
		D9DA16D240E3D429351FAB57 /* ProjectRowView.swift in Sources */ = {isa = PBXBuildFile; fileRef = 47DF5F532D7705CA6E56446A /* ProjectRowView.swift */; };
		DCBDD5B7E686FFCEA004CABC /* LanguageManagerTests.swift in Sources */ = {isa = PBXBuildFile; fileRef = 85B023F7702442C9E73AD7FF /* LanguageManagerTests.swift */; };
		DF61036FEAC7FB1050A1DE23 /* ArchivedProjectsView.swift in Sources */ = {isa = PBXBuildFile; fileRef = E7CE7354CA860BF1B53435E6 /* ArchivedProjectsView.swift */; };
		E5A0E84F6FCEE311E5A1BDC5 /* OpenRouterSettingsSection.swift in Sources */ = {isa = PBXBuildFile; fileRef = DE3328A8C7C652E89DBC6008 /* OpenRouterSettingsSection.swift */; };
		E5EC5D3EB88DE65DFD8560D9 /* AIFillerStripper.swift in Sources */ = {isa = PBXBuildFile; fileRef = 591334A24A17942682F2A917 /* AIFillerStripper.swift */; };
		E75154B3FC04793861E5A57C /* PomodoroSessionSaveTests.swift in Sources */ = {isa = PBXBuildFile; fileRef = E4ECDD26ED0F879AA18991DD /* PomodoroSessionSaveTests.swift */; };
		E7C936BB8D7DBB7C39A6A16A /* ButtonStyles.swift in Sources */ = {isa = PBXBuildFile; fileRef = E04EB91901CE48B7E52558F1 /* ButtonStyles.swift */; };
		E81E8CD4BE3E29931E40C14D /* PomodoroTimerTests.swift in Sources */ = {isa = PBXBuildFile; fileRef = F02E4F9B768BF31589ED8D8C /* PomodoroTimerTests.swift */; };
		EB4760D960D7F807807B4D50 /* BulletDetailField.swift in Sources */ = {isa = PBXBuildFile; fileRef = 26CAFA63995C532306BBE521 /* BulletDetailField.swift */; };
		EB5BC1C5D771918616ECFE20 /* BreadcrumbSchema.swift in Sources */ = {isa = PBXBuildFile; fileRef = 4615582F09AD75B7047439D1 /* BreadcrumbSchema.swift */; };
		EDDBEC957A06EFB95B9B47DC /* PomodoroSessionTests.swift in Sources */ = {isa = PBXBuildFile; fileRef = 724DF0D9521A50E754FB21F1 /* PomodoroSessionTests.swift */; };
		F1A927788CB2A63F724D4AE3 /* PlaceholderTextView.swift in Sources */ = {isa = PBXBuildFile; fileRef = 1EDDE649AD967EFDBF0DF239 /* PlaceholderTextView.swift */; };
		F3CA383D086855E95F01B254 /* ProjectListView.swift in Sources */ = {isa = PBXBuildFile; fileRef = 47078C1986E00D73E6A06727 /* ProjectListView.swift */; };
		F8D0888E96F2ED902AF2E686 /* SmartTimestampView.swift in Sources */ = {isa = PBXBuildFile; fileRef = 65312D00F423DD42BAB0C2FD /* SmartTimestampView.swift */; };
		FA03D196F0BF672CC3D62165 /* HistoryView.swift in Sources */ = {isa = PBXBuildFile; fileRef = B8C5CE9442C811F8DCF196BD /* HistoryView.swift */; };
/* End PBXBuildFile section */

/* Begin PBXContainerItemProxy section */
		F448DFF55A0266407BD4F46C /* PBXContainerItemProxy */ = {
			isa = PBXContainerItemProxy;
			containerPortal = F49D6C73CF7DEED8C83A8E13 /* Project object */;
			proxyType = 1;
			remoteGlobalIDString = 101D6C73AD82EAB6155913E3;
			remoteInfo = Breadcrumb;
		};
/* End PBXContainerItemProxy section */

/* Begin PBXFileReference section */
		0FE203A2FC256662ACD1B3C9 /* BreadcrumbTests.swift */ = {isa = PBXFileReference; lastKnownFileType = sourcecode.swift; path = BreadcrumbTests.swift; sourceTree = "<group>"; };
		1245F6E8248E227CA507BF8E /* Project.swift */ = {isa = PBXFileReference; lastKnownFileType = sourcecode.swift; path = Project.swift; sourceTree = "<group>"; };
		1E0A1502531E88A18FD246F5 /* DictationButton.swift */ = {isa = PBXFileReference; lastKnownFileType = sourcecode.swift; path = DictationButton.swift; sourceTree = "<group>"; };
		1EDDE649AD967EFDBF0DF239 /* PlaceholderTextView.swift */ = {isa = PBXFileReference; lastKnownFileType = sourcecode.swift; path = PlaceholderTextView.swift; sourceTree = "<group>"; };
		22C4476611D7A9F41AA244EA /* BulletText.swift */ = {isa = PBXFileReference; lastKnownFileType = sourcecode.swift; path = BulletText.swift; sourceTree = "<group>"; };
		22EB604EBEE6E40B6A21FFD2 /* AIFillerStripperTests.swift */ = {isa = PBXFileReference; lastKnownFileType = sourcecode.swift; path = AIFillerStripperTests.swift; sourceTree = "<group>"; };
		26CAFA63995C532306BBE521 /* BulletDetailField.swift */ = {isa = PBXFileReference; lastKnownFileType = sourcecode.swift; path = BulletDetailField.swift; sourceTree = "<group>"; };
		270530DCEC9B4626EE2AABF0 /* Info.plist */ = {isa = PBXFileReference; lastKnownFileType = text.plist; path = Info.plist; sourceTree = "<group>"; };
		2DE07044651329554A55EEDB /* AppDelegate.swift */ = {isa = PBXFileReference; lastKnownFileType = sourcecode.swift; path = AppDelegate.swift; sourceTree = "<group>"; };
		2E6EEACEFC2209FA8283A175 /* KeychainHelperTests.swift */ = {isa = PBXFileReference; lastKnownFileType = sourcecode.swift; path = KeychainHelperTests.swift; sourceTree = "<group>"; };
		333198756E01368320CCC0C9 /* BreadcrumbTests.xctest */ = {isa = PBXFileReference; explicitFileType = wrapper.cfbundle; includeInIndex = 0; path = BreadcrumbTests.xctest; sourceTree = BUILT_PRODUCTS_DIR; };
		3909410FC96455280C214468 /* ModelContext+SaveWithLogging.swift */ = {isa = PBXFileReference; lastKnownFileType = sourcecode.swift; path = "ModelContext+SaveWithLogging.swift"; sourceTree = "<group>"; };
		3B5EF89CD286DC72F7290682 /* AboutView.swift */ = {isa = PBXFileReference; lastKnownFileType = sourcecode.swift; path = AboutView.swift; sourceTree = "<group>"; };
		4615582F09AD75B7047439D1 /* BreadcrumbSchema.swift */ = {isa = PBXFileReference; lastKnownFileType = sourcecode.swift; path = BreadcrumbSchema.swift; sourceTree = "<group>"; };
		47078C1986E00D73E6A06727 /* ProjectListView.swift */ = {isa = PBXFileReference; lastKnownFileType = sourcecode.swift; path = ProjectListView.swift; sourceTree = "<group>"; };
		47DF5F532D7705CA6E56446A /* ProjectRowView.swift */ = {isa = PBXFileReference; lastKnownFileType = sourcecode.swift; path = ProjectRowView.swift; sourceTree = "<group>"; };
		4996D796E28BEF485ED0F8D0 /* PomodoroSession.swift */ = {isa = PBXFileReference; lastKnownFileType = sourcecode.swift; path = PomodoroSession.swift; sourceTree = "<group>"; };
		4C6CE12769F9856FAC17C75D /* AIService.swift */ = {isa = PBXFileReference; lastKnownFileType = sourcecode.swift; path = AIService.swift; sourceTree = "<group>"; };
		4F5D21B8446DBC5F11312384 /* PomodoroSessionEndView.swift */ = {isa = PBXFileReference; lastKnownFileType = sourcecode.swift; path = PomodoroSessionEndView.swift; sourceTree = "<group>"; };
		54423F165AE132713BA19F8B /* LocalAIProvider.swift */ = {isa = PBXFileReference; lastKnownFileType = sourcecode.swift; path = LocalAIProvider.swift; sourceTree = "<group>"; };
		591334A24A17942682F2A917 /* AIFillerStripper.swift */ = {isa = PBXFileReference; lastKnownFileType = sourcecode.swift; path = AIFillerStripper.swift; sourceTree = "<group>"; };
		5B61E0FC8ED8FA3607CA8E73 /* StringsTests.swift */ = {isa = PBXFileReference; lastKnownFileType = sourcecode.swift; path = StringsTests.swift; sourceTree = "<group>"; };
		5CF076CD3A0FE1874732FFD3 /* BreadcrumbApp.swift */ = {isa = PBXFileReference; lastKnownFileType = sourcecode.swift; path = BreadcrumbApp.swift; sourceTree = "<group>"; };
		5FA0A334AD3755400D2E4FB6 /* ContentView.swift */ = {isa = PBXFileReference; lastKnownFileType = sourcecode.swift; path = ContentView.swift; sourceTree = "<group>"; };
		65312D00F423DD42BAB0C2FD /* SmartTimestampView.swift */ = {isa = PBXFileReference; lastKnownFileType = sourcecode.swift; path = SmartTimestampView.swift; sourceTree = "<group>"; };
		6AB137DC9044186B8877D8CD /* ProjectDetailView.swift */ = {isa = PBXFileReference; lastKnownFileType = sourcecode.swift; path = ProjectDetailView.swift; sourceTree = "<group>"; };
		6E85B0B7BA2187935D5BE75D /* KeychainHelper.swift */ = {isa = PBXFileReference; lastKnownFileType = sourcecode.swift; path = KeychainHelper.swift; sourceTree = "<group>"; };
		70969E1971A3847B517389ED /* AppLanguage.swift */ = {isa = PBXFileReference; lastKnownFileType = sourcecode.swift; path = AppLanguage.swift; sourceTree = "<group>"; };
		724DF0D9521A50E754FB21F1 /* PomodoroSessionTests.swift */ = {isa = PBXFileReference; lastKnownFileType = sourcecode.swift; path = PomodoroSessionTests.swift; sourceTree = "<group>"; };
		75DE9B3987F1DA2381072E8E /* SoundPicker.swift */ = {isa = PBXFileReference; lastKnownFileType = sourcecode.swift; path = SoundPicker.swift; sourceTree = "<group>"; };
		777246810162C2507E304C44 /* Assets.xcassets */ = {isa = PBXFileReference; lastKnownFileType = folder.assetcatalog; path = Assets.xcassets; sourceTree = "<group>"; };
		7E9AB4FB8217059480EEA8FA /* BreakoutWindowView.swift */ = {isa = PBXFileReference; lastKnownFileType = sourcecode.swift; path = BreakoutWindowView.swift; sourceTree = "<group>"; };
		831984343AE49E818C7511B7 /* NotificationServiceTests.swift */ = {isa = PBXFileReference; lastKnownFileType = sourcecode.swift; path = NotificationServiceTests.swift; sourceTree = "<group>"; };
		85B023F7702442C9E73AD7FF /* LanguageManagerTests.swift */ = {isa = PBXFileReference; lastKnownFileType = sourcecode.swift; path = LanguageManagerTests.swift; sourceTree = "<group>"; };
		913C1D4F480359F1604A530C /* AIProviderTests.swift */ = {isa = PBXFileReference; lastKnownFileType = sourcecode.swift; path = AIProviderTests.swift; sourceTree = "<group>"; };
		9492B635806349A2C9556E20 /* AddURLFormView.swift */ = {isa = PBXFileReference; lastKnownFileType = sourcecode.swift; path = AddURLFormView.swift; sourceTree = "<group>"; };
		94F7E31FC30CBABB8C95F10A /* LanguageManager.swift */ = {isa = PBXFileReference; lastKnownFileType = sourcecode.swift; path = LanguageManager.swift; sourceTree = "<group>"; };
		9C88E592971DB2AB4E478DA7 /* HistoryEntryRow.swift */ = {isa = PBXFileReference; lastKnownFileType = sourcecode.swift; path = HistoryEntryRow.swift; sourceTree = "<group>"; };
		9E21EBC79DC6B3D44E36AD65 /* ProjectPickerView.swift */ = {isa = PBXFileReference; lastKnownFileType = sourcecode.swift; path = ProjectPickerView.swift; sourceTree = "<group>"; };
		A087345042FE6C30EF157282 /* Breadcrumb.app */ = {isa = PBXFileReference; explicitFileType = wrapper.application; includeInIndex = 0; path = Breadcrumb.app; sourceTree = BUILT_PRODUCTS_DIR; };
		A127F7644F13CEEF6190F80B /* LinkedDocument.swift */ = {isa = PBXFileReference; lastKnownFileType = sourcecode.swift; path = LinkedDocument.swift; sourceTree = "<group>"; };
		A55DF7A5ABF092B51EB54D8E /* AIProvider.swift */ = {isa = PBXFileReference; lastKnownFileType = sourcecode.swift; path = AIProvider.swift; sourceTree = "<group>"; };
		A7CB153CC772B449C4EFD304 /* AIExtractButton.swift */ = {isa = PBXFileReference; lastKnownFileType = sourcecode.swift; path = AIExtractButton.swift; sourceTree = "<group>"; };
		A9BFECE00BAB70889C1C40B4 /* StatusEntryForm.swift */ = {isa = PBXFileReference; lastKnownFileType = sourcecode.swift; path = StatusEntryForm.swift; sourceTree = "<group>"; };
		AF0C4FAC9B8A87BEA26FBC8B /* StatusEntry.swift */ = {isa = PBXFileReference; lastKnownFileType = sourcecode.swift; path = StatusEntry.swift; sourceTree = "<group>"; };
		AF7604A00FB4C888AA719B6C /* PomodoroRunningView.swift */ = {isa = PBXFileReference; lastKnownFileType = sourcecode.swift; path = PomodoroRunningView.swift; sourceTree = "<group>"; };
		B73A74DE75279264943C5462 /* WindowManager.swift */ = {isa = PBXFileReference; lastKnownFileType = sourcecode.swift; path = WindowManager.swift; sourceTree = "<group>"; };
		B8C5CE9442C811F8DCF196BD /* HistoryView.swift */ = {isa = PBXFileReference; lastKnownFileType = sourcecode.swift; path = HistoryView.swift; sourceTree = "<group>"; };
		BDF418F050E4F08EE71C99E8 /* BreadcrumbCommands.swift */ = {isa = PBXFileReference; lastKnownFileType = sourcecode.swift; path = BreadcrumbCommands.swift; sourceTree = "<group>"; };
		C3F1C79AA5792B6763AB7DF4 /* PomodoroConfigView.swift */ = {isa = PBXFileReference; lastKnownFileType = sourcecode.swift; path = PomodoroConfigView.swift; sourceTree = "<group>"; };
		C4538B21914489F24883231D /* ExtractedStatus.swift */ = {isa = PBXFileReference; lastKnownFileType = sourcecode.swift; path = ExtractedStatus.swift; sourceTree = "<group>"; };
		CC0E444CDB40131D5BC3F8F0 /* BulletTextTests.swift */ = {isa = PBXFileReference; lastKnownFileType = sourcecode.swift; path = BulletTextTests.swift; sourceTree = "<group>"; };
		D3C2BE7C0D1A3D1DC5DD8E35 /* NotificationService.swift */ = {isa = PBXFileReference; lastKnownFileType = sourcecode.swift; path = NotificationService.swift; sourceTree = "<group>"; };
		D457B91B9E7BF5F21E066059 /* BulletableField.swift */ = {isa = PBXFileReference; lastKnownFileType = sourcecode.swift; path = BulletableField.swift; sourceTree = "<group>"; };
		D73B1C28DFFA54E78F9CA4D7 /* StatsContentView.swift */ = {isa = PBXFileReference; lastKnownFileType = sourcecode.swift; path = StatsContentView.swift; sourceTree = "<group>"; };
		D7EAC22A4CD3C8382F04F397 /* OpenRouterProvider.swift */ = {isa = PBXFileReference; lastKnownFileType = sourcecode.swift; path = OpenRouterProvider.swift; sourceTree = "<group>"; };
		D9BEAAE0D129FC67EB414904 /* DocumentListView.swift */ = {isa = PBXFileReference; lastKnownFileType = sourcecode.swift; path = DocumentListView.swift; sourceTree = "<group>"; };
		D9DBEBA30993B89A48537DA5 /* ProjectFormView.swift */ = {isa = PBXFileReference; lastKnownFileType = sourcecode.swift; path = ProjectFormView.swift; sourceTree = "<group>"; };
		DE3328A8C7C652E89DBC6008 /* OpenRouterSettingsSection.swift */ = {isa = PBXFileReference; lastKnownFileType = sourcecode.swift; path = OpenRouterSettingsSection.swift; sourceTree = "<group>"; };
		E04EB91901CE48B7E52558F1 /* ButtonStyles.swift */ = {isa = PBXFileReference; lastKnownFileType = sourcecode.swift; path = ButtonStyles.swift; sourceTree = "<group>"; };
		E0A23CE8D0C3663CAF21F178 /* PomodoroTimer.swift */ = {isa = PBXFileReference; lastKnownFileType = sourcecode.swift; path = PomodoroTimer.swift; sourceTree = "<group>"; };
		E13AD7C73B76D6EAB8CF5D8E /* Strings.swift */ = {isa = PBXFileReference; lastKnownFileType = sourcecode.swift; path = Strings.swift; sourceTree = "<group>"; };
		E4ECDD26ED0F879AA18991DD /* PomodoroSessionSaveTests.swift */ = {isa = PBXFileReference; lastKnownFileType = sourcecode.swift; path = PomodoroSessionSaveTests.swift; sourceTree = "<group>"; };
		E7CE7354CA860BF1B53435E6 /* ArchivedProjectsView.swift */ = {isa = PBXFileReference; lastKnownFileType = sourcecode.swift; path = ArchivedProjectsView.swift; sourceTree = "<group>"; };
		E97F9AD204BAC7BB0A7E5D92 /* SettingsView.swift */ = {isa = PBXFileReference; lastKnownFileType = sourcecode.swift; path = SettingsView.swift; sourceTree = "<group>"; };
		ED6AD4F67CC3533482F65A1B /* OpenRouterProviderTests.swift */ = {isa = PBXFileReference; lastKnownFileType = sourcecode.swift; path = OpenRouterProviderTests.swift; sourceTree = "<group>"; };
		EE04F7FFEC823E6DA5439900 /* SpeechRecognizer.swift */ = {isa = PBXFileReference; lastKnownFileType = sourcecode.swift; path = SpeechRecognizer.swift; sourceTree = "<group>"; };
		F02E4F9B768BF31589ED8D8C /* PomodoroTimerTests.swift */ = {isa = PBXFileReference; lastKnownFileType = sourcecode.swift; path = PomodoroTimerTests.swift; sourceTree = "<group>"; };
		F49D61D1877C7BF5C4F92E66 /* SessionDurationTests.swift */ = {isa = PBXFileReference; lastKnownFileType = sourcecode.swift; path = SessionDurationTests.swift; sourceTree = "<group>"; };
		F506B326CA6737B42BEF9F99 /* FooterView.swift */ = {isa = PBXFileReference; lastKnownFileType = sourcecode.swift; path = FooterView.swift; sourceTree = "<group>"; };
		F6B294E9E641FE8862731EEA /* EditLabelFormView.swift */ = {isa = PBXFileReference; lastKnownFileType = sourcecode.swift; path = EditLabelFormView.swift; sourceTree = "<group>"; };
		FBC8EB9F931D9DE70D2806CE /* WelcomeView.swift */ = {isa = PBXFileReference; lastKnownFileType = sourcecode.swift; path = WelcomeView.swift; sourceTree = "<group>"; };
		FDAA39C819F06A5E9B6A6918 /* SpeechRecognizerTests.swift */ = {isa = PBXFileReference; lastKnownFileType = sourcecode.swift; path = SpeechRecognizerTests.swift; sourceTree = "<group>"; };
/* End PBXFileReference section */

/* Begin PBXGroup section */
		1B859FA9C922001C26C1EEDE /* Views */ = {
			isa = PBXGroup;
			children = (
				3B5EF89CD286DC72F7290682 /* AboutView.swift */,
				9492B635806349A2C9556E20 /* AddURLFormView.swift */,
				A7CB153CC772B449C4EFD304 /* AIExtractButton.swift */,
				E7CE7354CA860BF1B53435E6 /* ArchivedProjectsView.swift */,
				7E9AB4FB8217059480EEA8FA /* BreakoutWindowView.swift */,
				D457B91B9E7BF5F21E066059 /* BulletableField.swift */,
				26CAFA63995C532306BBE521 /* BulletDetailField.swift */,
				E04EB91901CE48B7E52558F1 /* ButtonStyles.swift */,
				5FA0A334AD3755400D2E4FB6 /* ContentView.swift */,
				1E0A1502531E88A18FD246F5 /* DictationButton.swift */,
				D9BEAAE0D129FC67EB414904 /* DocumentListView.swift */,
				F6B294E9E641FE8862731EEA /* EditLabelFormView.swift */,
				F506B326CA6737B42BEF9F99 /* FooterView.swift */,
				9C88E592971DB2AB4E478DA7 /* HistoryEntryRow.swift */,
				B8C5CE9442C811F8DCF196BD /* HistoryView.swift */,
				1EDDE649AD967EFDBF0DF239 /* PlaceholderTextView.swift */,
				C3F1C79AA5792B6763AB7DF4 /* PomodoroConfigView.swift */,
				AF7604A00FB4C888AA719B6C /* PomodoroRunningView.swift */,
				4F5D21B8446DBC5F11312384 /* PomodoroSessionEndView.swift */,
				6AB137DC9044186B8877D8CD /* ProjectDetailView.swift */,
				D9DBEBA30993B89A48537DA5 /* ProjectFormView.swift */,
				47078C1986E00D73E6A06727 /* ProjectListView.swift */,
				9E21EBC79DC6B3D44E36AD65 /* ProjectPickerView.swift */,
				47DF5F532D7705CA6E56446A /* ProjectRowView.swift */,
				E97F9AD204BAC7BB0A7E5D92 /* SettingsView.swift */,
				65312D00F423DD42BAB0C2FD /* SmartTimestampView.swift */,
				75DE9B3987F1DA2381072E8E /* SoundPicker.swift */,
				D73B1C28DFFA54E78F9CA4D7 /* StatsContentView.swift */,
				A9BFECE00BAB70889C1C40B4 /* StatusEntryForm.swift */,
				FBC8EB9F931D9DE70D2806CE /* WelcomeView.swift */,
				BA4D629744CD061E6F5D1B96 /* Settings */,
			);
			path = Views;
			sourceTree = "<group>";
		};
		273165966C8E2457A3F3421F /* BreadcrumbTests */ = {
			isa = PBXGroup;
			children = (
				22EB604EBEE6E40B6A21FFD2 /* AIFillerStripperTests.swift */,
				913C1D4F480359F1604A530C /* AIProviderTests.swift */,
				0FE203A2FC256662ACD1B3C9 /* BreadcrumbTests.swift */,
				CC0E444CDB40131D5BC3F8F0 /* BulletTextTests.swift */,
				2E6EEACEFC2209FA8283A175 /* KeychainHelperTests.swift */,
				85B023F7702442C9E73AD7FF /* LanguageManagerTests.swift */,
				831984343AE49E818C7511B7 /* NotificationServiceTests.swift */,
				ED6AD4F67CC3533482F65A1B /* OpenRouterProviderTests.swift */,
				E4ECDD26ED0F879AA18991DD /* PomodoroSessionSaveTests.swift */,
				724DF0D9521A50E754FB21F1 /* PomodoroSessionTests.swift */,
				F02E4F9B768BF31589ED8D8C /* PomodoroTimerTests.swift */,
				F49D61D1877C7BF5C4F92E66 /* SessionDurationTests.swift */,
				FDAA39C819F06A5E9B6A6918 /* SpeechRecognizerTests.swift */,
				5B61E0FC8ED8FA3607CA8E73 /* StringsTests.swift */,
			);
			path = BreadcrumbTests;
			sourceTree = "<group>";
		};
		636A173B65DFA30B351D7CAE /* Products */ = {
			isa = PBXGroup;
			children = (
				A087345042FE6C30EF157282 /* Breadcrumb.app */,
				333198756E01368320CCC0C9 /* BreadcrumbTests.xctest */,
			);
			name = Products;
			sourceTree = "<group>";
		};
		BA4D629744CD061E6F5D1B96 /* Settings */ = {
			isa = PBXGroup;
			children = (
				DE3328A8C7C652E89DBC6008 /* OpenRouterSettingsSection.swift */,
			);
			path = Settings;
			sourceTree = "<group>";
		};
		C4720DE38AE085F1D9409AC1 = {
			isa = PBXGroup;
			children = (
				EF060939B36BA2DB3314E9E3 /* Breadcrumb */,
				273165966C8E2457A3F3421F /* BreadcrumbTests */,
				636A173B65DFA30B351D7CAE /* Products */,
			);
			sourceTree = "<group>";
		};
		C59953C7BD0F251DBA424B83 /* Services */ = {
			isa = PBXGroup;
			children = (
				591334A24A17942682F2A917 /* AIFillerStripper.swift */,
				A55DF7A5ABF092B51EB54D8E /* AIProvider.swift */,
				4C6CE12769F9856FAC17C75D /* AIService.swift */,
				6E85B0B7BA2187935D5BE75D /* KeychainHelper.swift */,
				94F7E31FC30CBABB8C95F10A /* LanguageManager.swift */,
				54423F165AE132713BA19F8B /* LocalAIProvider.swift */,
				D3C2BE7C0D1A3D1DC5DD8E35 /* NotificationService.swift */,
				D7EAC22A4CD3C8382F04F397 /* OpenRouterProvider.swift */,
				EE04F7FFEC823E6DA5439900 /* SpeechRecognizer.swift */,
			);
			path = Services;
			sourceTree = "<group>";
		};
		EF060939B36BA2DB3314E9E3 /* Breadcrumb */ = {
			isa = PBXGroup;
			children = (
				2DE07044651329554A55EEDB /* AppDelegate.swift */,
				777246810162C2507E304C44 /* Assets.xcassets */,
				5CF076CD3A0FE1874732FFD3 /* BreadcrumbApp.swift */,
				BDF418F050E4F08EE71C99E8 /* BreadcrumbCommands.swift */,
				270530DCEC9B4626EE2AABF0 /* Info.plist */,
				3909410FC96455280C214468 /* ModelContext+SaveWithLogging.swift */,
				E0A23CE8D0C3663CAF21F178 /* PomodoroTimer.swift */,
				E13AD7C73B76D6EAB8CF5D8E /* Strings.swift */,
				B73A74DE75279264943C5462 /* WindowManager.swift */,
				F3EE0C38617C660C76A24166 /* Models */,
				C59953C7BD0F251DBA424B83 /* Services */,
				1B859FA9C922001C26C1EEDE /* Views */,
			);
			path = Breadcrumb;
			sourceTree = "<group>";
		};
		F3EE0C38617C660C76A24166 /* Models */ = {
			isa = PBXGroup;
			children = (
				70969E1971A3847B517389ED /* AppLanguage.swift */,
				4615582F09AD75B7047439D1 /* BreadcrumbSchema.swift */,
				22C4476611D7A9F41AA244EA /* BulletText.swift */,
				C4538B21914489F24883231D /* ExtractedStatus.swift */,
				A127F7644F13CEEF6190F80B /* LinkedDocument.swift */,
				4996D796E28BEF485ED0F8D0 /* PomodoroSession.swift */,
				1245F6E8248E227CA507BF8E /* Project.swift */,
				AF0C4FAC9B8A87BEA26FBC8B /* StatusEntry.swift */,
			);
			path = Models;
			sourceTree = "<group>";
		};
/* End PBXGroup section */

/* Begin PBXNativeTarget section */
		101D6C73AD82EAB6155913E3 /* Breadcrumb */ = {
			isa = PBXNativeTarget;
			buildConfigurationList = 148E0664751DE0B66EB5390D /* Build configuration list for PBXNativeTarget "Breadcrumb" */;
			buildPhases = (
				E1A5862C208C6D9269ADBFA0 /* Sources */,
				3DE011B5A7EE92D261C858AB /* Resources */,
			);
			buildRules = (
			);
			dependencies = (
			);
			name = Breadcrumb;
			packageProductDependencies = (
			);
			productName = Breadcrumb;
			productReference = A087345042FE6C30EF157282 /* Breadcrumb.app */;
			productType = "com.apple.product-type.application";
		};
		7FC93F244E1D6C53F8617049 /* BreadcrumbTests */ = {
			isa = PBXNativeTarget;
			buildConfigurationList = 54B3F566AB117577B2DC3A36 /* Build configuration list for PBXNativeTarget "BreadcrumbTests" */;
			buildPhases = (
				FEB0B837D975C66191D0EFDD /* Sources */,
			);
			buildRules = (
			);
			dependencies = (
				45A5CE329E824DCCA856E0E3 /* PBXTargetDependency */,
			);
			name = BreadcrumbTests;
			packageProductDependencies = (
			);
			productName = BreadcrumbTests;
			productReference = 333198756E01368320CCC0C9 /* BreadcrumbTests.xctest */;
			productType = "com.apple.product-type.bundle.unit-test";
		};
/* End PBXNativeTarget section */

/* Begin PBXProject section */
		F49D6C73CF7DEED8C83A8E13 /* Project object */ = {
			isa = PBXProject;
			attributes = {
				BuildIndependentTargetsInParallel = YES;
				LastUpgradeCheck = 1600;
				TargetAttributes = {
				};
			};
			buildConfigurationList = 9A74E577058EC37BA2904975 /* Build configuration list for PBXProject "Breadcrumb" */;
			developmentRegion = en;
			hasScannedForEncodings = 0;
			knownRegions = (
				Base,
				en,
			);
			mainGroup = C4720DE38AE085F1D9409AC1;
			minimizedProjectReferenceProxies = 1;
			preferredProjectObjectVersion = 77;
			productRefGroup = 636A173B65DFA30B351D7CAE /* Products */;
			projectDirPath = "";
			projectRoot = "";
			targets = (
				101D6C73AD82EAB6155913E3 /* Breadcrumb */,
				7FC93F244E1D6C53F8617049 /* BreadcrumbTests */,
			);
		};
/* End PBXProject section */

/* Begin PBXResourcesBuildPhase section */
		3DE011B5A7EE92D261C858AB /* Resources */ = {
			isa = PBXResourcesBuildPhase;
			buildActionMask = 2147483647;
			files = (
				9B619503406331710EB35740 /* Assets.xcassets in Resources */,
			);
			runOnlyForDeploymentPostprocessing = 0;
		};
/* End PBXResourcesBuildPhase section */

/* Begin PBXSourcesBuildPhase section */
		E1A5862C208C6D9269ADBFA0 /* Sources */ = {
			isa = PBXSourcesBuildPhase;
			buildActionMask = 2147483647;
			files = (
				67C037357112A0C1D1E8A599 /* AIExtractButton.swift in Sources */,
				E5EC5D3EB88DE65DFD8560D9 /* AIFillerStripper.swift in Sources */,
				3FC429C8BCD0C4E519FD958A /* AIProvider.swift in Sources */,
				5EBB63AA57EA3CE9486915B7 /* AIService.swift in Sources */,
				3FCED5650F54A93C7D58D4F4 /* AboutView.swift in Sources */,
				D3A267CF1E0176A1D0BA37B5 /* AddURLFormView.swift in Sources */,
				7A9DF4EB4DEA7C643635E72F /* AppDelegate.swift in Sources */,
				332BF2812B86C21141AF9D88 /* AppLanguage.swift in Sources */,
				DF61036FEAC7FB1050A1DE23 /* ArchivedProjectsView.swift in Sources */,
				5DF5DEF623DC6B10A0DB7163 /* BreadcrumbApp.swift in Sources */,
				A4DB57D56F6945FE42C210FF /* BreadcrumbCommands.swift in Sources */,
				EB5BC1C5D771918616ECFE20 /* BreadcrumbSchema.swift in Sources */,
				A6FFEDB76C2BCB80A916020A /* BreakoutWindowView.swift in Sources */,
				EB4760D960D7F807807B4D50 /* BulletDetailField.swift in Sources */,
				48B1A3D081CBCE1995DC5AEE /* BulletText.swift in Sources */,
				1752A4FCC3DF18156F106B45 /* BulletableField.swift in Sources */,
				E7C936BB8D7DBB7C39A6A16A /* ButtonStyles.swift in Sources */,
				9BFD8EC86A0C17852AD2B57A /* ContentView.swift in Sources */,
				92290445CED96E2CD75FFD92 /* DictationButton.swift in Sources */,
				B57B25265EE67B1DEF64A0CC /* DocumentListView.swift in Sources */,
				7952B45A0B64DDDFA48149C3 /* EditLabelFormView.swift in Sources */,
				8BC4923EE801C29764E7E500 /* ExtractedStatus.swift in Sources */,
				72339BF4A0E3ACDC31DC98A0 /* FooterView.swift in Sources */,
				4B7239E38F057E021A7D6948 /* HistoryEntryRow.swift in Sources */,
				FA03D196F0BF672CC3D62165 /* HistoryView.swift in Sources */,
				7D34D0135D8B9F99FDCC585F /* KeychainHelper.swift in Sources */,
				674F307AC2D1DD30DDBA74DE /* LanguageManager.swift in Sources */,
				497D467A820A0F052FBA9DE7 /* LinkedDocument.swift in Sources */,
				1D53C6857A69A72D3AECC555 /* LocalAIProvider.swift in Sources */,
				043A15563757C2E509CB275D /* ModelContext+SaveWithLogging.swift in Sources */,
				BE6EE87AEF54FED09C1AB647 /* NotificationService.swift in Sources */,
				0705F5EE8EF9C08EE07DDD18 /* OpenRouterProvider.swift in Sources */,
				E5A0E84F6FCEE311E5A1BDC5 /* OpenRouterSettingsSection.swift in Sources */,
				F1A927788CB2A63F724D4AE3 /* PlaceholderTextView.swift in Sources */,
				3B8E91E329DF6960817BF4E7 /* PomodoroConfigView.swift in Sources */,
				6864E481C9B390FF7CFB8D7C /* PomodoroRunningView.swift in Sources */,
				403EFFDCD1BFA9E3FB455EE7 /* PomodoroSession.swift in Sources */,
				8C122A7AB70310BCF81D2061 /* PomodoroSessionEndView.swift in Sources */,
				C0556C526B6E95E3EAC49CFE /* PomodoroTimer.swift in Sources */,
				CF4074B7669439CA1E033539 /* Project.swift in Sources */,
				D3D2E68C0A5910AFFDAFDF12 /* ProjectDetailView.swift in Sources */,
				CA24E531052945BC800D6D9C /* ProjectFormView.swift in Sources */,
				F3CA383D086855E95F01B254 /* ProjectListView.swift in Sources */,
				0F8F9143B46A16257511C6B5 /* ProjectPickerView.swift in Sources */,
				D9DA16D240E3D429351FAB57 /* ProjectRowView.swift in Sources */,
				B949DE8B498359E91079E6D7 /* SettingsView.swift in Sources */,
				F8D0888E96F2ED902AF2E686 /* SmartTimestampView.swift in Sources */,
				8E074923FEA5436E3AD06EB3 /* SoundPicker.swift in Sources */,
				798EB533E3B9781D9CFF360F /* SpeechRecognizer.swift in Sources */,
				11DA5E14F4E1F0B2D81BBB89 /* StatsContentView.swift in Sources */,
				50B42669968E80BF62C3DEB4 /* StatusEntry.swift in Sources */,
				750DDDBE8BEBB05A74A6681F /* StatusEntryForm.swift in Sources */,
				BD2C646162A7B7A7AF1E68BB /* Strings.swift in Sources */,
				26BE57BD5EF31441DDE3F3E9 /* WelcomeView.swift in Sources */,
				B005E744F06D3ED2FA9DB897 /* WindowManager.swift in Sources */,
			);
			runOnlyForDeploymentPostprocessing = 0;
		};
		FEB0B837D975C66191D0EFDD /* Sources */ = {
			isa = PBXSourcesBuildPhase;
			buildActionMask = 2147483647;
			files = (
				370A4A9D4C47387CB9F2FB1A /* AIFillerStripperTests.swift in Sources */,
				2687E27759A34607BF54B7B2 /* AIProviderTests.swift in Sources */,
				1D05386095241293CA4DE03A /* BreadcrumbTests.swift in Sources */,
				3063417A9901446E2F9C06CA /* BulletTextTests.swift in Sources */,
				D0588FAB966D5A3C4D11176B /* KeychainHelperTests.swift in Sources */,
				DCBDD5B7E686FFCEA004CABC /* LanguageManagerTests.swift in Sources */,
				7FFA294677B1B83E4EE65977 /* NotificationServiceTests.swift in Sources */,
				06867BFA63F30B28FE717A71 /* OpenRouterProviderTests.swift in Sources */,
				E75154B3FC04793861E5A57C /* PomodoroSessionSaveTests.swift in Sources */,
				EDDBEC957A06EFB95B9B47DC /* PomodoroSessionTests.swift in Sources */,
				E81E8CD4BE3E29931E40C14D /* PomodoroTimerTests.swift in Sources */,
				C1DD81AE19623D581BBA2884 /* SessionDurationTests.swift in Sources */,
				90CE6923808FD08E80D66C07 /* SpeechRecognizerTests.swift in Sources */,
				A2C0BB75C7ED0551645F313F /* StringsTests.swift in Sources */,
			);
			runOnlyForDeploymentPostprocessing = 0;
		};
/* End PBXSourcesBuildPhase section */

/* Begin PBXTargetDependency section */
		45A5CE329E824DCCA856E0E3 /* PBXTargetDependency */ = {
			isa = PBXTargetDependency;
			target = 101D6C73AD82EAB6155913E3 /* Breadcrumb */;
			targetProxy = F448DFF55A0266407BD4F46C /* PBXContainerItemProxy */;
		};
/* End PBXTargetDependency section */

/* Begin XCBuildConfiguration section */
		67F1CF6BA973BDAE9D467B9B /* Release */ = {
			isa = XCBuildConfiguration;
			buildSettings = {
				ALWAYS_SEARCH_USER_PATHS = NO;
				CLANG_ANALYZER_NONNULL = YES;
				CLANG_ANALYZER_NUMBER_OBJECT_CONVERSION = YES_AGGRESSIVE;
				CLANG_CXX_LANGUAGE_STANDARD = "gnu++14";
				CLANG_CXX_LIBRARY = "libc++";
				CLANG_ENABLE_MODULES = YES;
				CLANG_ENABLE_OBJC_ARC = YES;
				CLANG_ENABLE_OBJC_WEAK = YES;
				CLANG_WARN_BLOCK_CAPTURE_AUTORELEASING = YES;
				CLANG_WARN_BOOL_CONVERSION = YES;
				CLANG_WARN_COMMA = YES;
				CLANG_WARN_CONSTANT_CONVERSION = YES;
				CLANG_WARN_DEPRECATED_OBJC_IMPLEMENTATIONS = YES;
				CLANG_WARN_DIRECT_OBJC_ISA_USAGE = YES_ERROR;
				CLANG_WARN_DOCUMENTATION_COMMENTS = YES;
				CLANG_WARN_EMPTY_BODY = YES;
				CLANG_WARN_ENUM_CONVERSION = YES;
				CLANG_WARN_INFINITE_RECURSION = YES;
				CLANG_WARN_INT_CONVERSION = YES;
				CLANG_WARN_NON_LITERAL_NULL_CONVERSION = YES;
				CLANG_WARN_OBJC_IMPLICIT_RETAIN_SELF = YES;
				CLANG_WARN_OBJC_LITERAL_CONVERSION = YES;
				CLANG_WARN_OBJC_ROOT_CLASS = YES_ERROR;
				CLANG_WARN_QUOTED_INCLUDE_IN_FRAMEWORK_HEADER = YES;
				CLANG_WARN_RANGE_LOOP_ANALYSIS = YES;
				CLANG_WARN_STRICT_PROTOTYPES = YES;
				CLANG_WARN_SUSPICIOUS_MOVE = YES;
				CLANG_WARN_UNGUARDED_AVAILABILITY = YES_AGGRESSIVE;
				CLANG_WARN_UNREACHABLE_CODE = YES;
				CLANG_WARN__DUPLICATE_METHOD_MATCH = YES;
				COPY_PHASE_STRIP = NO;
				DEBUG_INFORMATION_FORMAT = "dwarf-with-dsym";
				ENABLE_NS_ASSERTIONS = NO;
				ENABLE_STRICT_OBJC_MSGSEND = YES;
				GCC_C_LANGUAGE_STANDARD = gnu11;
				GCC_NO_COMMON_BLOCKS = YES;
				GCC_WARN_64_TO_32_BIT_CONVERSION = YES;
				GCC_WARN_ABOUT_RETURN_TYPE = YES_ERROR;
				GCC_WARN_UNDECLARED_SELECTOR = YES;
				GCC_WARN_UNINITIALIZED_AUTOS = YES_AGGRESSIVE;
				GCC_WARN_UNUSED_FUNCTION = YES;
				GCC_WARN_UNUSED_VARIABLE = YES;
				MACOSX_DEPLOYMENT_TARGET = 26.0;
				MTL_ENABLE_DEBUG_INFO = NO;
				MTL_FAST_MATH = YES;
				PRODUCT_NAME = "$(TARGET_NAME)";
				SDKROOT = macosx;
				SWIFT_COMPILATION_MODE = wholemodule;
				SWIFT_OPTIMIZATION_LEVEL = "-O";
				SWIFT_VERSION = 6.0;
			};
			name = Release;
		};
		9EEE0582E1164AE1586925C1 /* Release */ = {
			isa = XCBuildConfiguration;
			buildSettings = {
				ASSETCATALOG_COMPILER_APPICON_NAME = AppIcon;
				COMBINE_HIDPI_IMAGES = YES;
				CURRENT_PROJECT_VERSION = 8;
				INFOPLIST_FILE = Breadcrumb/Info.plist;
				LD_RUNPATH_SEARCH_PATHS = (
					"$(inherited)",
					"@executable_path/../Frameworks",
				);
				MARKETING_VERSION = 0.5.5;
				PRODUCT_BUNDLE_IDENTIFIER = com.roger.breadcrumb;
				SDKROOT = macosx;
			};
			name = Release;
		};
		E1FADAE8839171957F74B4D3 /* Debug */ = {
			isa = XCBuildConfiguration;
			buildSettings = {
				BUNDLE_LOADER = "$(TEST_HOST)";
				COMBINE_HIDPI_IMAGES = YES;
				GENERATE_INFOPLIST_FILE = YES;
				LD_RUNPATH_SEARCH_PATHS = (
					"$(inherited)",
					"@executable_path/../Frameworks",
					"@loader_path/../Frameworks",
				);
				PRODUCT_BUNDLE_IDENTIFIER = "com.roger.breadcrumb-tests";
				SDKROOT = macosx;
				TEST_HOST = "$(BUILT_PRODUCTS_DIR)/Breadcrumb.app/Contents/MacOS/Breadcrumb";
			};
			name = Debug;
		};
		F78F1ADD1404C18C9C5941C3 /* Debug */ = {
			isa = XCBuildConfiguration;
			buildSettings = {
				ASSETCATALOG_COMPILER_APPICON_NAME = AppIcon;
				COMBINE_HIDPI_IMAGES = YES;
				CURRENT_PROJECT_VERSION = 8;
				INFOPLIST_FILE = Breadcrumb/Info.plist;
				LD_RUNPATH_SEARCH_PATHS = (
					"$(inherited)",
					"@executable_path/../Frameworks",
				);
				MARKETING_VERSION = 0.5.5;
				PRODUCT_BUNDLE_IDENTIFIER = com.roger.breadcrumb;
				SDKROOT = macosx;
			};
			name = Debug;
		};
		F84687191AD5C2D1CA98E43C /* Release */ = {
			isa = XCBuildConfiguration;
			buildSettings = {
				BUNDLE_LOADER = "$(TEST_HOST)";
				COMBINE_HIDPI_IMAGES = YES;
				GENERATE_INFOPLIST_FILE = YES;
				LD_RUNPATH_SEARCH_PATHS = (
					"$(inherited)",
					"@executable_path/../Frameworks",
					"@loader_path/../Frameworks",
				);
				PRODUCT_BUNDLE_IDENTIFIER = "com.roger.breadcrumb-tests";
				SDKROOT = macosx;
				TEST_HOST = "$(BUILT_PRODUCTS_DIR)/Breadcrumb.app/Contents/MacOS/Breadcrumb";
			};
			name = Release;
		};
		FFE2C05DA877D07B58A7110D /* Debug */ = {
			isa = XCBuildConfiguration;
			buildSettings = {
				ALWAYS_SEARCH_USER_PATHS = NO;
				CLANG_ANALYZER_NONNULL = YES;
				CLANG_ANALYZER_NUMBER_OBJECT_CONVERSION = YES_AGGRESSIVE;
				CLANG_CXX_LANGUAGE_STANDARD = "gnu++14";
				CLANG_CXX_LIBRARY = "libc++";
				CLANG_ENABLE_MODULES = YES;
				CLANG_ENABLE_OBJC_ARC = YES;
				CLANG_ENABLE_OBJC_WEAK = YES;
				CLANG_WARN_BLOCK_CAPTURE_AUTORELEASING = YES;
				CLANG_WARN_BOOL_CONVERSION = YES;
				CLANG_WARN_COMMA = YES;
				CLANG_WARN_CONSTANT_CONVERSION = YES;
				CLANG_WARN_DEPRECATED_OBJC_IMPLEMENTATIONS = YES;
				CLANG_WARN_DIRECT_OBJC_ISA_USAGE = YES_ERROR;
				CLANG_WARN_DOCUMENTATION_COMMENTS = YES;
				CLANG_WARN_EMPTY_BODY = YES;
				CLANG_WARN_ENUM_CONVERSION = YES;
				CLANG_WARN_INFINITE_RECURSION = YES;
				CLANG_WARN_INT_CONVERSION = YES;
				CLANG_WARN_NON_LITERAL_NULL_CONVERSION = YES;
				CLANG_WARN_OBJC_IMPLICIT_RETAIN_SELF = YES;
				CLANG_WARN_OBJC_LITERAL_CONVERSION = YES;
				CLANG_WARN_OBJC_ROOT_CLASS = YES_ERROR;
				CLANG_WARN_QUOTED_INCLUDE_IN_FRAMEWORK_HEADER = YES;
				CLANG_WARN_RANGE_LOOP_ANALYSIS = YES;
				CLANG_WARN_STRICT_PROTOTYPES = YES;
				CLANG_WARN_SUSPICIOUS_MOVE = YES;
				CLANG_WARN_UNGUARDED_AVAILABILITY = YES_AGGRESSIVE;
				CLANG_WARN_UNREACHABLE_CODE = YES;
				CLANG_WARN__DUPLICATE_METHOD_MATCH = YES;
				COPY_PHASE_STRIP = NO;
				DEBUG_INFORMATION_FORMAT = dwarf;
				ENABLE_STRICT_OBJC_MSGSEND = YES;
				ENABLE_TESTABILITY = YES;
				GCC_C_LANGUAGE_STANDARD = gnu11;
				GCC_DYNAMIC_NO_PIC = NO;
				GCC_NO_COMMON_BLOCKS = YES;
				GCC_OPTIMIZATION_LEVEL = 0;
				GCC_PREPROCESSOR_DEFINITIONS = (
					"$(inherited)",
					"DEBUG=1",
				);
				GCC_WARN_64_TO_32_BIT_CONVERSION = YES;
				GCC_WARN_ABOUT_RETURN_TYPE = YES_ERROR;
				GCC_WARN_UNDECLARED_SELECTOR = YES;
				GCC_WARN_UNINITIALIZED_AUTOS = YES_AGGRESSIVE;
				GCC_WARN_UNUSED_FUNCTION = YES;
				GCC_WARN_UNUSED_VARIABLE = YES;
				MACOSX_DEPLOYMENT_TARGET = 26.0;
				MTL_ENABLE_DEBUG_INFO = INCLUDE_SOURCE;
				MTL_FAST_MATH = YES;
				ONLY_ACTIVE_ARCH = YES;
				PRODUCT_NAME = "$(TARGET_NAME)";
				SDKROOT = macosx;
				SWIFT_ACTIVE_COMPILATION_CONDITIONS = DEBUG;
				SWIFT_OPTIMIZATION_LEVEL = "-Onone";
				SWIFT_VERSION = 6.0;
			};
			name = Debug;
		};
/* End XCBuildConfiguration section */

/* Begin XCConfigurationList section */
		148E0664751DE0B66EB5390D /* Build configuration list for PBXNativeTarget "Breadcrumb" */ = {
			isa = XCConfigurationList;
			buildConfigurations = (
				F78F1ADD1404C18C9C5941C3 /* Debug */,
				9EEE0582E1164AE1586925C1 /* Release */,
			);
			defaultConfigurationIsVisible = 0;
			defaultConfigurationName = Debug;
		};
		54B3F566AB117577B2DC3A36 /* Build configuration list for PBXNativeTarget "BreadcrumbTests" */ = {
			isa = XCConfigurationList;
			buildConfigurations = (
				E1FADAE8839171957F74B4D3 /* Debug */,
				F84687191AD5C2D1CA98E43C /* Release */,
			);
			defaultConfigurationIsVisible = 0;
			defaultConfigurationName = Debug;
		};
		9A74E577058EC37BA2904975 /* Build configuration list for PBXProject "Breadcrumb" */ = {
			isa = XCConfigurationList;
			buildConfigurations = (
				FFE2C05DA877D07B58A7110D /* Debug */,
				67F1CF6BA973BDAE9D467B9B /* Release */,
			);
			defaultConfigurationIsVisible = 0;
			defaultConfigurationName = Debug;
		};
/* End XCConfigurationList section */
	};
	rootObject = F49D6C73CF7DEED8C83A8E13 /* Project object */;
}
